
Microsoft Visual Studio Solution File, Format Version 12.00
# Visual Studio Version 16
VisualStudioVersion = 16.0.30330.147
MinimumVisualStudioVersion = 10.0.40219.1
Project("{FAE04EC0-301F-11D3-BF4B-00C04F79EFBC}") = "maho_tan資源下載器", "妖女奇譚資源下載器\maho_tan資源下載器.csproj", "{63CF0EAD-BB17-4B1A-B72A-A9A6AF2F413C}"
EndProject
Global
	GlobalSection(SolutionConfigurationPlatforms) = preSolution
		Debug|Any CPU = Debug|Any CPU
		Release|Any CPU = Release|Any CPU
	EndGlobalSection
	GlobalSection(ProjectConfigurationPlatforms) = postSolution
		{63CF0EAD-BB17-4B1A-B72A-A9A6AF2F413C}.Debug|Any CPU.ActiveCfg = Debug|Any CPU
		{63CF0EAD-BB17-4B1A-B72A-A9A6AF2F413C}.Debug|Any CPU.Build.0 = Debug|Any CPU
		{63CF0EAD-BB17-4B1A-B72A-A9A6AF2F413C}.Release|Any CPU.ActiveCfg = Release|Any CPU
		{63CF0EAD-BB17-4B1A-B72A-A9A6AF2F413C}.Release|Any CPU.Build.0 = Release|Any CPU
	EndGlobalSection
	GlobalSection(SolutionProperties) = preSolution
		HideSolutionNode = FALSE
	EndGlobalSection
	GlobalSection(ExtensibilityGlobals) = postSolution
		SolutionGuid = {675E7897-619E-4141-8D74-025585F7D731}
	EndGlobalSection
EndGlobal
